
Microsoft Visual Studio Solution File, Format Version 12.00
# Visual Studio Version 16
VisualStudioVersion = 16.0.29709.97
MinimumVisualStudioVersion = 10.0.40219.1
Project("{FAE04EC0-301F-11D3-BF4B-00C04F79EFBC}") = "MyVet16.Common", "MyVet16.Common\MyVet16.Common.csproj", "{A25DAC51-9CA6-4B94-B29B-F274CF87E828}"
EndProject
Project("{FAE04EC0-301F-11D3-BF4B-00C04F79EFBC}") = "MyVet.Web", "MyVet.Web\MyVet.Web.csproj", "{16855EB3-B899-490C-8F28-436A769ED107}"
EndProject
Global
	GlobalSection(SolutionConfigurationPlatforms) = preSolution
		Debug|Any CPU = Debug|Any CPU
		Release|Any CPU = Release|Any CPU
	EndGlobalSection
	GlobalSection(ProjectConfigurationPlatforms) = postSolution
		{A25DAC51-9CA6-4B94-B29B-F274CF87E828}.Debug|Any CPU.ActiveCfg = Debug|Any CPU
		{A25DAC51-9CA6-4B94-B29B-F274CF87E828}.Debug|Any CPU.Build.0 = Debug|Any CPU
		{A25DAC51-9CA6-4B94-B29B-F274CF87E828}.Release|Any CPU.ActiveCfg = Release|Any CPU
		{A25DAC51-9CA6-4B94-B29B-F274CF87E828}.Release|Any CPU.Build.0 = Release|Any CPU
		{16855EB3-B899-490C-8F28-436A769ED107}.Debug|Any CPU.ActiveCfg = Debug|Any CPU
		{16855EB3-B899-490C-8F28-436A769ED107}.Debug|Any CPU.Build.0 = Debug|Any CPU
		{16855EB3-B899-490C-8F28-436A769ED107}.Release|Any CPU.ActiveCfg = Release|Any CPU
		{16855EB3-B899-490C-8F28-436A769ED107}.Release|Any CPU.Build.0 = Release|Any CPU
	EndGlobalSection
	GlobalSection(SolutionProperties) = preSolution
		HideSolutionNode = FALSE
	EndGlobalSection
	GlobalSection(ExtensibilityGlobals) = postSolution
		SolutionGuid = {70224838-77D4-4683-9B0F-44087F02D18D}
	EndGlobalSection
EndGlobal
